
Microsoft Visual Studio Solution File, Format Version 12.00
# Visual Studio Version 17
VisualStudioVersion = 17.11.35327.3
MinimumVisualStudioVersion = 10.0.40219.1
Project("{FAE04EC0-301F-11D3-BF4B-00C04F79EFBC}") = "OrderManagementSystem", "OrderManagementSystem\OrderManagementSystem.csproj", "{78B5CF35-89FD-42F3-ACBA-3A8F068D1913}"
EndProject
Global
	GlobalSection(SolutionConfigurationPlatforms) = preSolution
		Debug|Any CPU = Debug|Any CPU
		Release|Any CPU = Release|Any CPU
	EndGlobalSection
	GlobalSection(ProjectConfigurationPlatforms) = postSolution
		{78B5CF35-89FD-42F3-ACBA-3A8F068D1913}.Debug|Any CPU.ActiveCfg = Debug|Any CPU
		{78B5CF35-89FD-42F3-ACBA-3A8F068D1913}.Debug|Any CPU.Build.0 = Debug|Any CPU
		{78B5CF35-89FD-42F3-ACBA-3A8F068D1913}.Release|Any CPU.ActiveCfg = Release|Any CPU
		{78B5CF35-89FD-42F3-ACBA-3A8F068D1913}.Release|Any CPU.Build.0 = Release|Any CPU
	EndGlobalSection
	GlobalSection(SolutionProperties) = preSolution
		HideSolutionNode = FALSE
	EndGlobalSection
	GlobalSection(ExtensibilityGlobals) = postSolution
		SolutionGuid = {83EE9F18-CF49-45A9-A159-438EA1A3D322}
	EndGlobalSection
EndGlobal
