
Microsoft Visual Studio Solution File, Format Version 12.00
# Visual Studio Version 17
VisualStudioVersion = 17.11.35327.3
MinimumVisualStudioVersion = 10.0.40219.1
Project("{9A19103F-16F7-4668-BE54-9A1E7A4F7556}") = "OrderManagementSystem", "OrderManagementSystem\OrderManagementSystem.csproj", "{78B5CF35-89FD-42F3-ACBA-3A8F068D1913}"
EndProject
Project("{9A19103F-16F7-4668-BE54-9A1E7A4F7556}") = "StringUtilsChecker", "PalindromeChecker\StringUtilsChecker.csproj", "{BC387AA9-0841-4AA5-92FF-81352FE677EC}"
EndProject
Global
	GlobalSection(SolutionConfigurationPlatforms) = preSolution
		Debug|Any CPU = Debug|Any CPU
		Release|Any CPU = Release|Any CPU
	EndGlobalSection
	GlobalSection(ProjectConfigurationPlatforms) = postSolution
		{78B5CF35-89FD-42F3-ACBA-3A8F068D1913}.Debug|Any CPU.ActiveCfg = Debug|Any CPU
		{78B5CF35-89FD-42F3-ACBA-3A8F068D1913}.Debug|Any CPU.Build.0 = Debug|Any CPU
		{78B5CF35-89FD-42F3-ACBA-3A8F068D1913}.Release|Any CPU.ActiveCfg = Release|Any CPU
		{78B5CF35-89FD-42F3-ACBA-3A8F068D1913}.Release|Any CPU.Build.0 = Release|Any CPU
		{BC387AA9-0841-4AA5-92FF-81352FE677EC}.Debug|Any CPU.ActiveCfg = Debug|Any CPU
		{BC387AA9-0841-4AA5-92FF-81352FE677EC}.Debug|Any CPU.Build.0 = Debug|Any CPU
		{BC387AA9-0841-4AA5-92FF-81352FE677EC}.Release|Any CPU.ActiveCfg = Release|Any CPU
		{BC387AA9-0841-4AA5-92FF-81352FE677EC}.Release|Any CPU.Build.0 = Release|Any CPU
	EndGlobalSection
	GlobalSection(SolutionProperties) = preSolution
		HideSolutionNode = FALSE
	EndGlobalSection
	GlobalSection(ExtensibilityGlobals) = postSolution
		SolutionGuid = {83EE9F18-CF49-45A9-A159-438EA1A3D322}
	EndGlobalSection
EndGlobal
